
Microsoft Visual Studio Solution File, Format Version 12.00
Project("{FAE04EC0-301F-11D3-BF4B-00C04F79EFBC}") = "TheNuttyPortal.API", "TheNuttyPortal.API\TheNuttyPortal.API.csproj", "{97C156B2-22AC-4F92-BD17-DECB02CA2EA2}"
EndProject
Project("{FAE04EC0-301F-11D3-BF4B-00C04F79EFBC}") = "TheNuttyPortal.AppcetanceTests", "TheNuttyPortal.AppcetanceTests\TheNuttyPortal.AppcetanceTests.csproj", "{859996D6-920D-4B50-BD30-3A71EEE6D13A}"
EndProject
Global
	GlobalSection(SolutionConfigurationPlatforms) = preSolution
		Debug|Any CPU = Debug|Any CPU
		Release|Any CPU = Release|Any CPU
	EndGlobalSection
	GlobalSection(ProjectConfigurationPlatforms) = postSolution
		{97C156B2-22AC-4F92-BD17-DECB02CA2EA2}.Debug|Any CPU.ActiveCfg = Debug|Any CPU
		{97C156B2-22AC-4F92-BD17-DECB02CA2EA2}.Debug|Any CPU.Build.0 = Debug|Any CPU
		{97C156B2-22AC-4F92-BD17-DECB02CA2EA2}.Release|Any CPU.ActiveCfg = Release|Any CPU
		{97C156B2-22AC-4F92-BD17-DECB02CA2EA2}.Release|Any CPU.Build.0 = Release|Any CPU
		{859996D6-920D-4B50-BD30-3A71EEE6D13A}.Debug|Any CPU.ActiveCfg = Debug|Any CPU
		{859996D6-920D-4B50-BD30-3A71EEE6D13A}.Debug|Any CPU.Build.0 = Debug|Any CPU
		{859996D6-920D-4B50-BD30-3A71EEE6D13A}.Release|Any CPU.ActiveCfg = Release|Any CPU
		{859996D6-920D-4B50-BD30-3A71EEE6D13A}.Release|Any CPU.Build.0 = Release|Any CPU
	EndGlobalSection
EndGlobal
